{
  "name": "codesnips",
  "lockfileVersion": 3,
  "requires": true,
  "packages": {
    "": {
      "dependencies": {
        "@fontsource-variable/roboto-mono": "^5.0.6",
        "@fontsource/roboto": "^5.0.5"
      }
    },
    "node_modules/@fontsource-variable/roboto-mono": {
      "version": "5.0.6",
      "resolved": "https://registry.npmjs.org/@fontsource-variable/roboto-mono/-/roboto-mono-5.0.6.tgz",
      "integrity": "sha512-n2TfINPd+mycq6husov36SWO6v1/dKDhxNf6LtB7mKrCtBjWyTAJiC1qjiRmYT4I69/cNQZhlu3Jd+f+JQIR6g=="
    },
    "node_modules/@fontsource/roboto": {
      "version": "5.0.5",
      "resolved": "https://registry.npmjs.org/@fontsource/roboto/-/roboto-5.0.5.tgz",
      "integrity": "sha512-IMXFq5AMgGx0sgNLfwWsmPuy3qa7lmDmQcXXihqwF4mT2UpD725cbxZj93ERY793OWon+6V1ANax02I3nt9+4w=="
    }
  }
}
